
Microsoft Visual Studio Solution File, Format Version 12.00
# Visual Studio Version 16
VisualStudioVersion = 16.0.32510.428
MinimumVisualStudioVersion = 10.0.40219.1
Project("{FAE04EC0-301F-11D3-BF4B-00C04F79EFBC}") = "SocialNetworkWebApp2", "SocialNetworkWebApp2\SocialNetworkWebApp2.csproj", "{2CC89DC6-1B6B-4FCC-BA6A-304632F74669}"
EndProject
Project("{FAE04EC0-301F-11D3-BF4B-00C04F79EFBC}") = "SocialNetworkWebApp2.Data", "SocialNetworkWebApp2.Data\SocialNetworkWebApp2.Data.csproj", "{DA034F5C-CC9D-402D-B3F4-EAF74354BEC9}"
EndProject
Project("{FAE04EC0-301F-11D3-BF4B-00C04F79EFBC}") = "SocialNetworkWebApp2.Training", "SocialNetworkWebApp2.Training\SocialNetworkWebApp2.Training.csproj", "{AFA0CA99-3705-4E97-9ACD-7CEE5DE373FB}"
EndProject
Global
	GlobalSection(SolutionConfigurationPlatforms) = preSolution
		Debug|Any CPU = Debug|Any CPU
		Release|Any CPU = Release|Any CPU
	EndGlobalSection
	GlobalSection(ProjectConfigurationPlatforms) = postSolution
		{2CC89DC6-1B6B-4FCC-BA6A-304632F74669}.Debug|Any CPU.ActiveCfg = Debug|Any CPU
		{2CC89DC6-1B6B-4FCC-BA6A-304632F74669}.Debug|Any CPU.Build.0 = Debug|Any CPU
		{2CC89DC6-1B6B-4FCC-BA6A-304632F74669}.Release|Any CPU.ActiveCfg = Release|Any CPU
		{2CC89DC6-1B6B-4FCC-BA6A-304632F74669}.Release|Any CPU.Build.0 = Release|Any CPU
		{DA034F5C-CC9D-402D-B3F4-EAF74354BEC9}.Debug|Any CPU.ActiveCfg = Debug|Any CPU
		{DA034F5C-CC9D-402D-B3F4-EAF74354BEC9}.Debug|Any CPU.Build.0 = Debug|Any CPU
		{DA034F5C-CC9D-402D-B3F4-EAF74354BEC9}.Release|Any CPU.ActiveCfg = Release|Any CPU
		{DA034F5C-CC9D-402D-B3F4-EAF74354BEC9}.Release|Any CPU.Build.0 = Release|Any CPU
		{AFA0CA99-3705-4E97-9ACD-7CEE5DE373FB}.Debug|Any CPU.ActiveCfg = Debug|Any CPU
		{AFA0CA99-3705-4E97-9ACD-7CEE5DE373FB}.Debug|Any CPU.Build.0 = Debug|Any CPU
		{AFA0CA99-3705-4E97-9ACD-7CEE5DE373FB}.Release|Any CPU.ActiveCfg = Release|Any CPU
		{AFA0CA99-3705-4E97-9ACD-7CEE5DE373FB}.Release|Any CPU.Build.0 = Release|Any CPU
	EndGlobalSection
	GlobalSection(SolutionProperties) = preSolution
		HideSolutionNode = FALSE
	EndGlobalSection
	GlobalSection(ExtensibilityGlobals) = postSolution
		SolutionGuid = {E873D93E-B3B0-443A-866B-0013C92B2BA7}
	EndGlobalSection
EndGlobal
