
Microsoft Visual Studio Solution File, Format Version 12.00
# Visual Studio Version 16
VisualStudioVersion = 16.0.31515.178
MinimumVisualStudioVersion = 10.0.40219.1
Project("{FAE04EC0-301F-11D3-BF4B-00C04F79EFBC}") = "UniversityMangement", "UniversityMangement\UniversityMangement.csproj", "{B9EB7814-4EB9-45E5-BABD-539C9F5F3BE6}"
EndProject
Project("{FAE04EC0-301F-11D3-BF4B-00C04F79EFBC}") = "UniversityMangement.Data", "UniversityMangement.Data\UniversityMangement.Data.csproj", "{8D483EAF-4D3D-4A4A-B421-E08F4CB35A56}"
EndProject
Project("{FAE04EC0-301F-11D3-BF4B-00C04F79EFBC}") = "UniversityMangement.Training", "UniversityMangement.Training\UniversityMangement.Training.csproj", "{B3B0CB29-6E7E-4F8D-8255-2BCB30C31FD2}"
EndProject
Global
	GlobalSection(SolutionConfigurationPlatforms) = preSolution
		Debug|Any CPU = Debug|Any CPU
		Release|Any CPU = Release|Any CPU
	EndGlobalSection
	GlobalSection(ProjectConfigurationPlatforms) = postSolution
		{B9EB7814-4EB9-45E5-BABD-539C9F5F3BE6}.Debug|Any CPU.ActiveCfg = Debug|Any CPU
		{B9EB7814-4EB9-45E5-BABD-539C9F5F3BE6}.Debug|Any CPU.Build.0 = Debug|Any CPU
		{B9EB7814-4EB9-45E5-BABD-539C9F5F3BE6}.Release|Any CPU.ActiveCfg = Release|Any CPU
		{B9EB7814-4EB9-45E5-BABD-539C9F5F3BE6}.Release|Any CPU.Build.0 = Release|Any CPU
		{8D483EAF-4D3D-4A4A-B421-E08F4CB35A56}.Debug|Any CPU.ActiveCfg = Debug|Any CPU
		{8D483EAF-4D3D-4A4A-B421-E08F4CB35A56}.Debug|Any CPU.Build.0 = Debug|Any CPU
		{8D483EAF-4D3D-4A4A-B421-E08F4CB35A56}.Release|Any CPU.ActiveCfg = Release|Any CPU
		{8D483EAF-4D3D-4A4A-B421-E08F4CB35A56}.Release|Any CPU.Build.0 = Release|Any CPU
		{B3B0CB29-6E7E-4F8D-8255-2BCB30C31FD2}.Debug|Any CPU.ActiveCfg = Debug|Any CPU
		{B3B0CB29-6E7E-4F8D-8255-2BCB30C31FD2}.Debug|Any CPU.Build.0 = Debug|Any CPU
		{B3B0CB29-6E7E-4F8D-8255-2BCB30C31FD2}.Release|Any CPU.ActiveCfg = Release|Any CPU
		{B3B0CB29-6E7E-4F8D-8255-2BCB30C31FD2}.Release|Any CPU.Build.0 = Release|Any CPU
	EndGlobalSection
	GlobalSection(SolutionProperties) = preSolution
		HideSolutionNode = FALSE
	EndGlobalSection
	GlobalSection(ExtensibilityGlobals) = postSolution
		SolutionGuid = {AE71E1D4-73FE-4BA7-86BD-B0B56995254A}
	EndGlobalSection
EndGlobal
