
Microsoft Visual Studio Solution File, Format Version 12.00
# Visual Studio Version 16
VisualStudioVersion = 16.0.31515.178
MinimumVisualStudioVersion = 10.0.40219.1
Project("{FAE04EC0-301F-11D3-BF4B-00C04F79EFBC}") = "PaymentAPI", "PaymentAPI\PaymentAPI.csproj", "{96553C06-7388-4889-85BE-6184E09A29A1}"
EndProject
Global
	GlobalSection(SolutionConfigurationPlatforms) = preSolution
		Debug|Any CPU = Debug|Any CPU
		Release|Any CPU = Release|Any CPU
	EndGlobalSection
	GlobalSection(ProjectConfigurationPlatforms) = postSolution
		{96553C06-7388-4889-85BE-6184E09A29A1}.Debug|Any CPU.ActiveCfg = Debug|Any CPU
		{96553C06-7388-4889-85BE-6184E09A29A1}.Debug|Any CPU.Build.0 = Debug|Any CPU
		{96553C06-7388-4889-85BE-6184E09A29A1}.Release|Any CPU.ActiveCfg = Release|Any CPU
		{96553C06-7388-4889-85BE-6184E09A29A1}.Release|Any CPU.Build.0 = Release|Any CPU
	EndGlobalSection
	GlobalSection(SolutionProperties) = preSolution
		HideSolutionNode = FALSE
	EndGlobalSection
	GlobalSection(ExtensibilityGlobals) = postSolution
		SolutionGuid = {61235D7D-FB83-4822-929E-6557558A8E83}
	EndGlobalSection
EndGlobal
