
Microsoft Visual Studio Solution File, Format Version 12.00
# Visual Studio Version 16
VisualStudioVersion = 16.0.32510.428
MinimumVisualStudioVersion = 10.0.40219.1
Project("{FAE04EC0-301F-11D3-BF4B-00C04F79EFBC}") = "TicketBookingSystem3", "TicketBookingSystem3\TicketBookingSystem3.csproj", "{910AA28A-0D8E-44F1-A966-8AAF1AB046B7}"
EndProject
Project("{FAE04EC0-301F-11D3-BF4B-00C04F79EFBC}") = "TicketBookingSystem3.Data", "TicketBookingSystem3.Data\TicketBookingSystem3.Data.csproj", "{2BF12E90-2FBC-4722-81FE-2420630C8284}"
EndProject
Project("{FAE04EC0-301F-11D3-BF4B-00C04F79EFBC}") = "TicketBookingSystem3.Training", "TicketBookingSystem3.Training\TicketBookingSystem3.Training.csproj", "{9994705E-957B-4DBF-9E66-1123D19BEEF1}"
EndProject
Global
	GlobalSection(SolutionConfigurationPlatforms) = preSolution
		Debug|Any CPU = Debug|Any CPU
		Release|Any CPU = Release|Any CPU
	EndGlobalSection
	GlobalSection(ProjectConfigurationPlatforms) = postSolution
		{910AA28A-0D8E-44F1-A966-8AAF1AB046B7}.Debug|Any CPU.ActiveCfg = Debug|Any CPU
		{910AA28A-0D8E-44F1-A966-8AAF1AB046B7}.Debug|Any CPU.Build.0 = Debug|Any CPU
		{910AA28A-0D8E-44F1-A966-8AAF1AB046B7}.Release|Any CPU.ActiveCfg = Release|Any CPU
		{910AA28A-0D8E-44F1-A966-8AAF1AB046B7}.Release|Any CPU.Build.0 = Release|Any CPU
		{2BF12E90-2FBC-4722-81FE-2420630C8284}.Debug|Any CPU.ActiveCfg = Debug|Any CPU
		{2BF12E90-2FBC-4722-81FE-2420630C8284}.Debug|Any CPU.Build.0 = Debug|Any CPU
		{2BF12E90-2FBC-4722-81FE-2420630C8284}.Release|Any CPU.ActiveCfg = Release|Any CPU
		{2BF12E90-2FBC-4722-81FE-2420630C8284}.Release|Any CPU.Build.0 = Release|Any CPU
		{9994705E-957B-4DBF-9E66-1123D19BEEF1}.Debug|Any CPU.ActiveCfg = Debug|Any CPU
		{9994705E-957B-4DBF-9E66-1123D19BEEF1}.Debug|Any CPU.Build.0 = Debug|Any CPU
		{9994705E-957B-4DBF-9E66-1123D19BEEF1}.Release|Any CPU.ActiveCfg = Release|Any CPU
		{9994705E-957B-4DBF-9E66-1123D19BEEF1}.Release|Any CPU.Build.0 = Release|Any CPU
	EndGlobalSection
	GlobalSection(SolutionProperties) = preSolution
		HideSolutionNode = FALSE
	EndGlobalSection
	GlobalSection(ExtensibilityGlobals) = postSolution
		SolutionGuid = {1BDBEA1D-4241-4A0D-A5C4-47BD12AD9127}
	EndGlobalSection
EndGlobal
